
Microsoft Visual Studio Solution File, Format Version 12.00
# Visual Studio Version 17
VisualStudioVersion = 17.0.32014.148
MinimumVisualStudioVersion = 10.0.40219.1
Project("{FAE04EC0-301F-11D3-BF4B-00C04F79EFBC}") = "MazeMaker-Student", "MazeMaker\MazeMaker-Student.csproj", "{DA7CD85F-3636-4F88-A93A-0DEC63732127}"
EndProject
Global
	GlobalSection(SolutionConfigurationPlatforms) = preSolution
		Debug|Any CPU = Debug|Any CPU
		Release|Any CPU = Release|Any CPU
	EndGlobalSection
	GlobalSection(ProjectConfigurationPlatforms) = postSolution
		{DA7CD85F-3636-4F88-A93A-0DEC63732127}.Debug|Any CPU.ActiveCfg = Debug|Any CPU
		{DA7CD85F-3636-4F88-A93A-0DEC63732127}.Debug|Any CPU.Build.0 = Debug|Any CPU
		{DA7CD85F-3636-4F88-A93A-0DEC63732127}.Release|Any CPU.ActiveCfg = Release|Any CPU
		{DA7CD85F-3636-4F88-A93A-0DEC63732127}.Release|Any CPU.Build.0 = Release|Any CPU
	EndGlobalSection
	GlobalSection(SolutionProperties) = preSolution
		HideSolutionNode = FALSE
	EndGlobalSection
	GlobalSection(ExtensibilityGlobals) = postSolution
		SolutionGuid = {774A8112-39E7-49F0-8DA1-CDAC7D7AAA5D}
	EndGlobalSection
EndGlobal
